
Microsoft Visual Studio Solution File, Format Version 12.00
# Visual Studio 2013
VisualStudioVersion = 12.0.21005.1
MinimumVisualStudioVersion = 10.0.40219.1
Project("{FAE04EC0-301F-11D3-BF4B-00C04F79EFBC}") = "UnitTestProject", "UnitTestProject\UnitTestProject.csproj", "{1FAF99A1-CCBF-435D-B599-4DAE1DAD5105}"
EndProject
Project("{FAE04EC0-301F-11D3-BF4B-00C04F79EFBC}") = "TuscData", "TuscData\TuscData.csproj", "{1EA16105-667D-43F6-98D9-7B792C01178F}"
EndProject
Project("{FAE04EC0-301F-11D3-BF4B-00C04F79EFBC}") = "TuscService", "TuscService\TuscService.csproj", "{87DC228F-932D-438D-866E-BDC7E5E0DFCB}"
EndProject
Project("{FAE04EC0-301F-11D3-BF4B-00C04F79EFBC}") = "Tusc", "Tusc\Tusc.csproj", "{964D6BA3-ADD7-4198-BFC1-46DAC7F4DE8F}"
EndProject
Global
	GlobalSection(SolutionConfigurationPlatforms) = preSolution
		Debug|Any CPU = Debug|Any CPU
		Release|Any CPU = Release|Any CPU
	EndGlobalSection
	GlobalSection(ProjectConfigurationPlatforms) = postSolution
		{1FAF99A1-CCBF-435D-B599-4DAE1DAD5105}.Debug|Any CPU.ActiveCfg = Debug|Any CPU
		{1FAF99A1-CCBF-435D-B599-4DAE1DAD5105}.Debug|Any CPU.Build.0 = Debug|Any CPU
		{1FAF99A1-CCBF-435D-B599-4DAE1DAD5105}.Release|Any CPU.ActiveCfg = Release|Any CPU
		{1FAF99A1-CCBF-435D-B599-4DAE1DAD5105}.Release|Any CPU.Build.0 = Release|Any CPU
		{1EA16105-667D-43F6-98D9-7B792C01178F}.Debug|Any CPU.ActiveCfg = Debug|Any CPU
		{1EA16105-667D-43F6-98D9-7B792C01178F}.Debug|Any CPU.Build.0 = Debug|Any CPU
		{1EA16105-667D-43F6-98D9-7B792C01178F}.Release|Any CPU.ActiveCfg = Release|Any CPU
		{1EA16105-667D-43F6-98D9-7B792C01178F}.Release|Any CPU.Build.0 = Release|Any CPU
		{87DC228F-932D-438D-866E-BDC7E5E0DFCB}.Debug|Any CPU.ActiveCfg = Debug|Any CPU
		{87DC228F-932D-438D-866E-BDC7E5E0DFCB}.Debug|Any CPU.Build.0 = Debug|Any CPU
		{87DC228F-932D-438D-866E-BDC7E5E0DFCB}.Release|Any CPU.ActiveCfg = Release|Any CPU
		{87DC228F-932D-438D-866E-BDC7E5E0DFCB}.Release|Any CPU.Build.0 = Release|Any CPU
		{964D6BA3-ADD7-4198-BFC1-46DAC7F4DE8F}.Debug|Any CPU.ActiveCfg = Debug|Any CPU
		{964D6BA3-ADD7-4198-BFC1-46DAC7F4DE8F}.Debug|Any CPU.Build.0 = Debug|Any CPU
		{964D6BA3-ADD7-4198-BFC1-46DAC7F4DE8F}.Release|Any CPU.ActiveCfg = Release|Any CPU
		{964D6BA3-ADD7-4198-BFC1-46DAC7F4DE8F}.Release|Any CPU.Build.0 = Release|Any CPU
	EndGlobalSection
	GlobalSection(SolutionProperties) = preSolution
		HideSolutionNode = FALSE
	EndGlobalSection
EndGlobal
